
Microsoft Visual Studio Solution File, Format Version 12.00
# Visual Studio 15
Project("{FAE04EC0-301F-11D3-BF4B-00C04F79EFBC}") = "Assembly-CSharp", "Assembly-CSharp.csproj", "{9DFDF990-A60C-E81A-6CF1-6D3D83BC6096}"
EndProject
Global
	GlobalSection(SolutionConfigurationPlatforms) = preSolution
		Debug|Any CPU = Debug|Any CPU
		Release|Any CPU = Release|Any CPU
	EndGlobalSection
	GlobalSection(ProjectConfigurationPlatforms) = postSolution
		{9DFDF990-A60C-E81A-6CF1-6D3D83BC6096}.Debug|Any CPU.ActiveCfg = Debug|Any CPU
		{9DFDF990-A60C-E81A-6CF1-6D3D83BC6096}.Debug|Any CPU.Build.0 = Debug|Any CPU
		{9DFDF990-A60C-E81A-6CF1-6D3D83BC6096}.Release|Any CPU.ActiveCfg = Release|Any CPU
		{9DFDF990-A60C-E81A-6CF1-6D3D83BC6096}.Release|Any CPU.Build.0 = Release|Any CPU
	EndGlobalSection
	GlobalSection(SolutionProperties) = preSolution
		HideSolutionNode = FALSE
	EndGlobalSection
EndGlobal
